
Microsoft Visual Studio Solution File, Format Version 12.00
# Visual Studio Version 16
VisualStudioVersion = 16.0.28711.60
MinimumVisualStudioVersion = 10.0.40219.1
Project("{FAE04EC0-301F-11D3-BF4B-00C04F79EFBC}") = "Final.Server", "Final.Server\Final.Server.csproj", "{153B4F16-186C-44FD-B9B3-D09F2ECA6B8B}"
EndProject
Project("{FAE04EC0-301F-11D3-BF4B-00C04F79EFBC}") = "Final.Client", "Final.Client\Final.Client.csproj", "{58CA6417-35B1-4921-800A-DDA9AF5097AB}"
EndProject
Project("{FAE04EC0-301F-11D3-BF4B-00C04F79EFBC}") = "Final.Shared", "Final.Shared\Final.Shared.csproj", "{0EA2115D-AEC0-4A6B-8B76-57EA1D886B73}"
EndProject
Global
	GlobalSection(SolutionConfigurationPlatforms) = preSolution
		Debug|Any CPU = Debug|Any CPU
		Release|Any CPU = Release|Any CPU
	EndGlobalSection
	GlobalSection(ProjectConfigurationPlatforms) = postSolution
		{153B4F16-186C-44FD-B9B3-D09F2ECA6B8B}.Debug|Any CPU.ActiveCfg = Debug|Any CPU
		{153B4F16-186C-44FD-B9B3-D09F2ECA6B8B}.Debug|Any CPU.Build.0 = Debug|Any CPU
		{153B4F16-186C-44FD-B9B3-D09F2ECA6B8B}.Release|Any CPU.ActiveCfg = Release|Any CPU
		{153B4F16-186C-44FD-B9B3-D09F2ECA6B8B}.Release|Any CPU.Build.0 = Release|Any CPU
		{58CA6417-35B1-4921-800A-DDA9AF5097AB}.Debug|Any CPU.ActiveCfg = Debug|Any CPU
		{58CA6417-35B1-4921-800A-DDA9AF5097AB}.Debug|Any CPU.Build.0 = Debug|Any CPU
		{58CA6417-35B1-4921-800A-DDA9AF5097AB}.Release|Any CPU.ActiveCfg = Release|Any CPU
		{58CA6417-35B1-4921-800A-DDA9AF5097AB}.Release|Any CPU.Build.0 = Release|Any CPU
		{0EA2115D-AEC0-4A6B-8B76-57EA1D886B73}.Debug|Any CPU.ActiveCfg = Debug|Any CPU
		{0EA2115D-AEC0-4A6B-8B76-57EA1D886B73}.Debug|Any CPU.Build.0 = Debug|Any CPU
		{0EA2115D-AEC0-4A6B-8B76-57EA1D886B73}.Release|Any CPU.ActiveCfg = Release|Any CPU
		{0EA2115D-AEC0-4A6B-8B76-57EA1D886B73}.Release|Any CPU.Build.0 = Release|Any CPU
	EndGlobalSection
	GlobalSection(SolutionProperties) = preSolution
		HideSolutionNode = FALSE
	EndGlobalSection
	GlobalSection(ExtensibilityGlobals) = postSolution
		SolutionGuid = {CD7771E2-775E-4402-91F5-7C8F3EC55BE1}
	EndGlobalSection
EndGlobal
